
Microsoft Visual Studio Solution File, Format Version 12.00
# Visual Studio Version 16
VisualStudioVersion = 16.0.31424.327
MinimumVisualStudioVersion = 10.0.40219.1
Project("{FAE04EC0-301F-11D3-BF4B-00C04F79EFBC}") = "MvcGames", "MvcGames.csproj", "{03CCFFCF-81BD-40BF-AE63-DB62C576BBDE}"
EndProject
Global
	GlobalSection(SolutionConfigurationPlatforms) = preSolution
		Debug|Any CPU = Debug|Any CPU
		Release|Any CPU = Release|Any CPU
	EndGlobalSection
	GlobalSection(ProjectConfigurationPlatforms) = postSolution
		{03CCFFCF-81BD-40BF-AE63-DB62C576BBDE}.Debug|Any CPU.ActiveCfg = Debug|Any CPU
		{03CCFFCF-81BD-40BF-AE63-DB62C576BBDE}.Debug|Any CPU.Build.0 = Debug|Any CPU
		{03CCFFCF-81BD-40BF-AE63-DB62C576BBDE}.Release|Any CPU.ActiveCfg = Release|Any CPU
		{03CCFFCF-81BD-40BF-AE63-DB62C576BBDE}.Release|Any CPU.Build.0 = Release|Any CPU
	EndGlobalSection
	GlobalSection(SolutionProperties) = preSolution
		HideSolutionNode = FALSE
	EndGlobalSection
	GlobalSection(ExtensibilityGlobals) = postSolution
		SolutionGuid = {5D7031BA-2E14-42CB-B93C-8A27C7590E50}
	EndGlobalSection
EndGlobal
